
Microsoft Visual Studio Solution File, Format Version 12.00
# Visual Studio 15
VisualStudioVersion = 15.0.26403.3
MinimumVisualStudioVersion = 10.0.40219.1
Project("{2150E333-8FDC-42A3-9474-1A3956D46DE8}") = "Solution Items", "Solution Items", "{AA010D85-3475-40BA-A288-54762EB9AB43}"
	ProjectSection(SolutionItems) = preProject
		RazorEmailCore.nuspec = RazorEmailCore.nuspec
		..\README.md = ..\README.md
	EndProjectSection
EndProject
Project("{9A19103F-16F7-4668-BE54-9A1E7A4F7556}") = "RazorEmailCore", "RazorEmailCore\RazorEmailCore.csproj", "{4A5E0BA4-A70B-42CD-B901-433DD79D556E}"
EndProject
Project("{9A19103F-16F7-4668-BE54-9A1E7A4F7556}") = "Example", "Example\Example.csproj", "{1E034082-AEBB-4F46-BAAE-B44E0ABE7C4D}"
EndProject
Project("{FAE04EC0-301F-11D3-BF4B-00C04F79EFBC}") = "RazorEmailCore2", "RazorEmailCore2\RazorEmailCore2.csproj", "{43EC5CAA-FC3A-421B-86C9-9899012B2F0C}"
EndProject
Project("{FAE04EC0-301F-11D3-BF4B-00C04F79EFBC}") = "Example2", "Example2\Example2.csproj", "{3277611D-417E-4D32-83BC-B992711AD7BB}"
EndProject
Global
	GlobalSection(SolutionConfigurationPlatforms) = preSolution
		Debug|Any CPU = Debug|Any CPU
		Release|Any CPU = Release|Any CPU
	EndGlobalSection
	GlobalSection(ProjectConfigurationPlatforms) = postSolution
		{4A5E0BA4-A70B-42CD-B901-433DD79D556E}.Debug|Any CPU.ActiveCfg = Debug|Any CPU
		{4A5E0BA4-A70B-42CD-B901-433DD79D556E}.Debug|Any CPU.Build.0 = Debug|Any CPU
		{4A5E0BA4-A70B-42CD-B901-433DD79D556E}.Release|Any CPU.ActiveCfg = Release|Any CPU
		{4A5E0BA4-A70B-42CD-B901-433DD79D556E}.Release|Any CPU.Build.0 = Release|Any CPU
		{1E034082-AEBB-4F46-BAAE-B44E0ABE7C4D}.Debug|Any CPU.ActiveCfg = Debug|Any CPU
		{1E034082-AEBB-4F46-BAAE-B44E0ABE7C4D}.Debug|Any CPU.Build.0 = Debug|Any CPU
		{1E034082-AEBB-4F46-BAAE-B44E0ABE7C4D}.Release|Any CPU.ActiveCfg = Release|Any CPU
		{1E034082-AEBB-4F46-BAAE-B44E0ABE7C4D}.Release|Any CPU.Build.0 = Release|Any CPU
		{43EC5CAA-FC3A-421B-86C9-9899012B2F0C}.Debug|Any CPU.ActiveCfg = Debug|Any CPU
		{43EC5CAA-FC3A-421B-86C9-9899012B2F0C}.Debug|Any CPU.Build.0 = Debug|Any CPU
		{43EC5CAA-FC3A-421B-86C9-9899012B2F0C}.Release|Any CPU.ActiveCfg = Release|Any CPU
		{43EC5CAA-FC3A-421B-86C9-9899012B2F0C}.Release|Any CPU.Build.0 = Release|Any CPU
		{3277611D-417E-4D32-83BC-B992711AD7BB}.Debug|Any CPU.ActiveCfg = Debug|Any CPU
		{3277611D-417E-4D32-83BC-B992711AD7BB}.Debug|Any CPU.Build.0 = Debug|Any CPU
		{3277611D-417E-4D32-83BC-B992711AD7BB}.Release|Any CPU.ActiveCfg = Release|Any CPU
		{3277611D-417E-4D32-83BC-B992711AD7BB}.Release|Any CPU.Build.0 = Release|Any CPU
	EndGlobalSection
	GlobalSection(SolutionProperties) = preSolution
		HideSolutionNode = FALSE
	EndGlobalSection
	GlobalSection(ExtensibilityGlobals) = postSolution
		SolutionGuid = {35343C3A-FC78-46F5-A585-4E8402E7BB7A}
	EndGlobalSection
EndGlobal
